hash: 558635b94062c44563ef07018d883375fdf4f0312b53dec21b9f5ad3557b74f2
updated: 2016-09-18T09:49:11.192507354-04:00
imports:
- name: github.com/facebookgo/clock
  version: 600d898af40aa09a7a93ecb9265d87b0504b6f03
- name: github.com/golang/mock
  version: bd3c8e81be01eef76d4b503f5e687d2d1354d2d9
  subpackages:
  - gomock
- name: github.com/golang/protobuf
  version: 1f49d83d9aa00e6ce4fc8258c71cc7786aec968a
  subpackages:
  - proto
  - protoc-gen-go
- name: github.com/m3db/m3cluster
  version: 4f49de9fa91d2aa5670e72bb67590d81b7c61d5f
  subpackages:
  - kv
  - changeset
  - generated/proto/changesetpb
- name: github.com/m3db/m3x
  version: 578de4e7e76f33790c02bc28e15585225e923bb7
  subpackages:
  - close
  - log
  - time
  - sync
  - errors
  - watch
- name: github.com/spaolacci/murmur3
  version: 0d12bf811670bf6a1a63828dfbd003eded177fce
- name: github.com/stretchr/testify
  version: d77da356e56a7428ad25149ca77381849a6a5232
  subpackages:
  - assert
  - require
- name: github.com/willf/bitset
  version: 1730870b454dde6756091d8c6a3d780ef123674c
devImports: []
