hash: 628b94cc2f6ae6a41e77d5d8232408c7e892be0cec007c4160a502fbdb600f27
updated: 2017-08-26T16:37:54.230183466-04:00
imports:
- name: github.com/facebookgo/clock
  version: 600d898af40aa09a7a93ecb9265d87b0504b6f03
- name: github.com/golang/mock
  version: bd3c8e81be01eef76d4b503f5e687d2d1354d2d9
  subpackages:
  - gomock
- name: github.com/golang/protobuf
  version: 1f49d83d9aa00e6ce4fc8258c71cc7786aec968a
  subpackages:
  - proto
  - protoc-gen-go
- name: github.com/m3db/m3cluster
  version: f6b9a050f90287e65d98c08298a38de29314f884
  subpackages:
  - changeset
  - generated/proto/changesetpb
  - kv
  - kv/mem
- name: github.com/m3db/m3x
  version: 8a4d651f961b2dd33426e5ee9205dc915f117efb
  subpackages:
  - close
  - log
  - time
  - watch
- name: github.com/stretchr/testify
  version: d77da356e56a7428ad25149ca77381849a6a5232
  subpackages:
  - assert
  - require
- name: github.com/willf/bitset
  version: 1730870b454dde6756091d8c6a3d780ef123674c
testImports:
- name: github.com/davecgh/go-spew
  version: 5215b55f46b2b919f50a1df0eaa5886afe4e3b3d
  subpackages:
  - spew
- name: github.com/pmezard/go-difflib
  version: d8ed2627bdf02c080bf22230dbb337003b7aba2d
  subpackages:
  - difflib
