hash: b556af45812ae1f820f06e436bce85fe6a0a148a0b5508f735c9b2766dc3f835
updated: 2017-08-19T22:11:54.22570595-04:00
imports:
- name: github.com/facebookgo/clock
  version: 600d898af40aa09a7a93ecb9265d87b0504b6f03
- name: github.com/golang/mock
  version: bd3c8e81be01eef76d4b503f5e687d2d1354d2d9
  subpackages:
  - gomock
- name: github.com/golang/protobuf
  version: 1f49d83d9aa00e6ce4fc8258c71cc7786aec968a
  subpackages:
  - proto
  - protoc-gen-go
- name: github.com/m3db/m3cluster
  version: 4f49de9fa91d2aa5670e72bb67590d81b7c61d5f
  subpackages:
  - changeset
  - generated/proto/changesetpb
  - kv
- name: github.com/m3db/m3x
  version: e619ed7a93221fde8a88754168de1a70c78484cb
  subpackages:
  - close
  - log
  - time
  - watch
- name: github.com/stretchr/testify
  version: d77da356e56a7428ad25149ca77381849a6a5232
  subpackages:
  - assert
  - require
- name: github.com/willf/bitset
  version: 1730870b454dde6756091d8c6a3d780ef123674c
testImports:
- name: github.com/davecgh/go-spew
  version: 5215b55f46b2b919f50a1df0eaa5886afe4e3b3d
  subpackages:
  - spew
- name: github.com/pmezard/go-difflib
  version: d8ed2627bdf02c080bf22230dbb337003b7aba2d
  subpackages:
  - difflib
